
Microsoft Visual Studio Solution File, Format Version 12.00
# Visual Studio Version 17
VisualStudioVersion = 17.5.33516.290
MinimumVisualStudioVersion = 10.0.40219.1
Project("{9A19103F-16F7-4668-BE54-9A1E7A4F7556}") = "HomeLive.Core", "HomeLive.Core\HomeLive.Core.csproj", "{06E6531D-862E-4D04-987B-FFC97C02965A}"
EndProject
Project("{9A19103F-16F7-4668-BE54-9A1E7A4F7556}") = "HomeLive.Plugins", "HomeLive.Plugins\HomeLive.Plugins.csproj", "{BE40AB8E-46E0-448C-BA1D-8969185B376F}"
EndProject
Project("{9A19103F-16F7-4668-BE54-9A1E7A4F7556}") = "SysBot.Base", "SysBot.Base\SysBot.Base.csproj", "{E8B6CBAD-3024-47A0-A72B-3B5B41215C3C}"
EndProject
Project("{9A19103F-16F7-4668-BE54-9A1E7A4F7556}") = "PKHeX.WinForms", "..\pkhex\PKHeX.WinForms\PKHeX.WinForms.csproj", "{F81C6B28-3CAB-4027-A712-EF418A6311A7}"
EndProject
Global
	GlobalSection(SolutionConfigurationPlatforms) = preSolution
		Debug|Any CPU = Debug|Any CPU
		Release|Any CPU = Release|Any CPU
	EndGlobalSection
	GlobalSection(ProjectConfigurationPlatforms) = postSolution
		{06E6531D-862E-4D04-987B-FFC97C02965A}.Debug|Any CPU.ActiveCfg = Debug|Any CPU
		{06E6531D-862E-4D04-987B-FFC97C02965A}.Debug|Any CPU.Build.0 = Debug|Any CPU
		{06E6531D-862E-4D04-987B-FFC97C02965A}.Release|Any CPU.ActiveCfg = Release|Any CPU
		{06E6531D-862E-4D04-987B-FFC97C02965A}.Release|Any CPU.Build.0 = Release|Any CPU
		{BE40AB8E-46E0-448C-BA1D-8969185B376F}.Debug|Any CPU.ActiveCfg = Debug|Any CPU
		{BE40AB8E-46E0-448C-BA1D-8969185B376F}.Debug|Any CPU.Build.0 = Debug|Any CPU
		{BE40AB8E-46E0-448C-BA1D-8969185B376F}.Release|Any CPU.ActiveCfg = Release|Any CPU
		{BE40AB8E-46E0-448C-BA1D-8969185B376F}.Release|Any CPU.Build.0 = Release|Any CPU
		{E8B6CBAD-3024-47A0-A72B-3B5B41215C3C}.Debug|Any CPU.ActiveCfg = Debug|Any CPU
		{E8B6CBAD-3024-47A0-A72B-3B5B41215C3C}.Debug|Any CPU.Build.0 = Debug|Any CPU
		{E8B6CBAD-3024-47A0-A72B-3B5B41215C3C}.Release|Any CPU.ActiveCfg = Release|Any CPU
		{E8B6CBAD-3024-47A0-A72B-3B5B41215C3C}.Release|Any CPU.Build.0 = Release|Any CPU
		{F81C6B28-3CAB-4027-A712-EF418A6311A7}.Debug|Any CPU.ActiveCfg = Debug|Any CPU
		{F81C6B28-3CAB-4027-A712-EF418A6311A7}.Debug|Any CPU.Build.0 = Debug|Any CPU
		{F81C6B28-3CAB-4027-A712-EF418A6311A7}.Release|Any CPU.ActiveCfg = Release|Any CPU
		{F81C6B28-3CAB-4027-A712-EF418A6311A7}.Release|Any CPU.Build.0 = Release|Any CPU
	EndGlobalSection
	GlobalSection(SolutionProperties) = preSolution
		HideSolutionNode = FALSE
	EndGlobalSection
	GlobalSection(ExtensibilityGlobals) = postSolution
		SolutionGuid = {A49ABB7F-53B5-4F6C-B977-73C423A340A7}
	EndGlobalSection
EndGlobal
